// !$*UTF8*$!
{
	archiveVersion = 1;
	classes = {
	};
	objectVersion = 50;
	objects = {

/* Begin PBXBuildFile section */
		072A30AE283A5DAB003AEF26 /* README.md in Resources */ = {isa = PBXBuildFile; fileRef = 072A30AC283A5DAB003AEF26 /* README.md */; };
		0767D7D026C1B55600A0C0FB /* Assets.xcassets in Resources */ = {isa = PBXBuildFile; fileRef = 0767D7CF26C1B55600A0C0FB /* Assets.xcassets */; };
		0767D7D626C1B55600A0C0FB /* main.m in Sources */ = {isa = PBXBuildFile; fileRef = 0767D7D526C1B55600A0C0FB /* main.m */; };
		07B0AF1C26C1BC44007FCE49 /* libbsm.tbd in Frameworks */ = {isa = PBXBuildFile; fileRef = 07B0AF1B26C1BC44007FCE49 /* libbsm.tbd */; };
		07B0AF1E26C1BC4C007FCE49 /* libEndpointSecurity.tbd in Frameworks */ = {isa = PBXBuildFile; fileRef = 07B0AF1D26C1BC4C007FCE49 /* libEndpointSecurity.tbd */; };
		07FE053B27C26BF200C70F27 /* UniformTypeIdentifiers.framework in Frameworks */ = {isa = PBXBuildFile; fileRef = 07FE053927C25E0700C70F27 /* UniformTypeIdentifiers.framework */; settings = {ATTRIBUTES = (Weak, ); }; };
/* End PBXBuildFile section */

/* Begin PBXFileReference section */
		072A30AC283A5DAB003AEF26 /* README.md */ = {isa = PBXFileReference; fileEncoding = 4; lastKnownFileType = net.daringfireball.markdown; path = README.md; sourceTree = "<group>"; };
		072A30B2283A5F83003AEF26 /* LICENSE.txt */ = {isa = PBXFileReference; lastKnownFileType = text; path = LICENSE.txt; sourceTree = "<group>"; };
		0767D7C626C1B55600A0C0FB /* EndpointSecurityDemo.app */ = {isa = PBXFileReference; explicitFileType = wrapper.application; includeInIndex = 0; path = EndpointSecurityDemo.app; sourceTree = BUILT_PRODUCTS_DIR; };
		0767D7CF26C1B55600A0C0FB /* Assets.xcassets */ = {isa = PBXFileReference; lastKnownFileType = folder.assetcatalog; path = Assets.xcassets; sourceTree = "<group>"; };
		0767D7D426C1B55600A0C0FB /* Info.plist */ = {isa = PBXFileReference; lastKnownFileType = text.plist.xml; path = Info.plist; sourceTree = "<group>"; };
		0767D7D526C1B55600A0C0FB /* main.m */ = {isa = PBXFileReference; lastKnownFileType = sourcecode.c.objc; path = main.m; sourceTree = "<group>"; };
		0767D7D726C1B55600A0C0FB /* EndpointSecurityDemo.entitlements */ = {isa = PBXFileReference; lastKnownFileType = text.plist.entitlements; path = EndpointSecurityDemo.entitlements; sourceTree = "<group>"; };
		07B0AF1B26C1BC44007FCE49 /* libbsm.tbd */ = {isa = PBXFileReference; lastKnownFileType = "sourcecode.text-based-dylib-definition"; name = libbsm.tbd; path = usr/lib/libbsm.tbd; sourceTree = SDKROOT; };
		07B0AF1D26C1BC4C007FCE49 /* libEndpointSecurity.tbd */ = {isa = PBXFileReference; lastKnownFileType = "sourcecode.text-based-dylib-definition"; name = libEndpointSecurity.tbd; path = usr/lib/libEndpointSecurity.tbd; sourceTree = SDKROOT; };
		07FE053927C25E0700C70F27 /* UniformTypeIdentifiers.framework */ = {isa = PBXFileReference; lastKnownFileType = wrapper.framework; name = UniformTypeIdentifiers.framework; path = System/Library/Frameworks/UniformTypeIdentifiers.framework; sourceTree = SDKROOT; };
/* End PBXFileReference section */

/* Begin PBXFrameworksBuildPhase section */
		0767D7C326C1B55600A0C0FB /* Frameworks */ = {
			isa = PBXFrameworksBuildPhase;
			buildActionMask = 2147483647;
			files = (
				07FE053B27C26BF200C70F27 /* UniformTypeIdentifiers.framework in Frameworks */,
				07B0AF1E26C1BC4C007FCE49 /* libEndpointSecurity.tbd in Frameworks */,
				07B0AF1C26C1BC44007FCE49 /* libbsm.tbd in Frameworks */,
			);
			runOnlyForDeploymentPostprocessing = 0;
		};
/* End PBXFrameworksBuildPhase section */

/* Begin PBXGroup section */
		072A30AF283A5F1A003AEF26 /* LICENSE */ = {
			isa = PBXGroup;
			children = (
				072A30B2283A5F83003AEF26 /* LICENSE.txt */,
			);
			path = LICENSE;
			sourceTree = "<group>";
		};
		0767D7BD26C1B55600A0C0FB = {
			isa = PBXGroup;
			children = (
				072A30AC283A5DAB003AEF26 /* README.md */,
				0767D7C826C1B55600A0C0FB /* EndpointSecurityDemo */,
				0767D7C726C1B55600A0C0FB /* Products */,
				07B0AF1A26C1BC44007FCE49 /* Frameworks */,
				072A30AF283A5F1A003AEF26 /* LICENSE */,
			);
			sourceTree = "<group>";
		};
		0767D7C726C1B55600A0C0FB /* Products */ = {
			isa = PBXGroup;
			children = (
				0767D7C626C1B55600A0C0FB /* EndpointSecurityDemo.app */,
			);
			name = Products;
			sourceTree = "<group>";
		};
		0767D7C826C1B55600A0C0FB /* EndpointSecurityDemo */ = {
			isa = PBXGroup;
			children = (
				0767D7CF26C1B55600A0C0FB /* Assets.xcassets */,
				0767D7D426C1B55600A0C0FB /* Info.plist */,
				0767D7D526C1B55600A0C0FB /* main.m */,
				0767D7D726C1B55600A0C0FB /* EndpointSecurityDemo.entitlements */,
			);
			path = EndpointSecurityDemo;
			sourceTree = "<group>";
		};
		07B0AF1A26C1BC44007FCE49 /* Frameworks */ = {
			isa = PBXGroup;
			children = (
				07FE053927C25E0700C70F27 /* UniformTypeIdentifiers.framework */,
				07B0AF1D26C1BC4C007FCE49 /* libEndpointSecurity.tbd */,
				07B0AF1B26C1BC44007FCE49 /* libbsm.tbd */,
			);
			name = Frameworks;
			sourceTree = "<group>";
		};
/* End PBXGroup section */

/* Begin PBXNativeTarget section */
		0767D7C526C1B55600A0C0FB /* EndpointSecurityDemo */ = {
			isa = PBXNativeTarget;
			buildConfigurationList = 0767D7DA26C1B55600A0C0FB /* Build configuration list for PBXNativeTarget "EndpointSecurityDemo" */;
			buildPhases = (
				0767D7C226C1B55600A0C0FB /* Sources */,
				0767D7C326C1B55600A0C0FB /* Frameworks */,
				0767D7C426C1B55600A0C0FB /* Resources */,
			);
			buildRules = (
			);
			dependencies = (
			);
			name = EndpointSecurityDemo;
			productName = EndpointSecurityDemo;
			productReference = 0767D7C626C1B55600A0C0FB /* EndpointSecurityDemo.app */;
			productType = "com.apple.product-type.application";
		};
/* End PBXNativeTarget section */

/* Begin PBXProject section */
		0767D7BE26C1B55600A0C0FB /* Project object */ = {
			isa = PBXProject;
			attributes = {
				LastUpgradeCheck = 1320;
				TargetAttributes = {
					0767D7C526C1B55600A0C0FB = {
						CreatedOnToolsVersion = 12.5.1;
					};
				};
			};
			buildConfigurationList = 0767D7C126C1B55600A0C0FB /* Build configuration list for PBXProject "EndpointSecurityDemo" */;
			compatibilityVersion = "Xcode 9.3";
			developmentRegion = en;
			hasScannedForEncodings = 0;
			knownRegions = (
				en,
				Base,
			);
			mainGroup = 0767D7BD26C1B55600A0C0FB;
			productRefGroup = 0767D7C726C1B55600A0C0FB /* Products */;
			projectDirPath = "";
			projectRoot = "";
			targets = (
				0767D7C526C1B55600A0C0FB /* EndpointSecurityDemo */,
			);
		};
/* End PBXProject section */

/* Begin PBXResourcesBuildPhase section */
		0767D7C426C1B55600A0C0FB /* Resources */ = {
			isa = PBXResourcesBuildPhase;
			buildActionMask = 2147483647;
			files = (
				072A30AE283A5DAB003AEF26 /* README.md in Resources */,
				0767D7D026C1B55600A0C0FB /* Assets.xcassets in Resources */,
			);
			runOnlyForDeploymentPostprocessing = 0;
		};
/* End PBXResourcesBuildPhase section */

/* Begin PBXSourcesBuildPhase section */
		0767D7C226C1B55600A0C0FB /* Sources */ = {
			isa = PBXSourcesBuildPhase;
			buildActionMask = 2147483647;
			files = (
				0767D7D626C1B55600A0C0FB /* main.m in Sources */,
			);
			runOnlyForDeploymentPostprocessing = 0;
		};
/* End PBXSourcesBuildPhase section */

/* Begin XCBuildConfiguration section */
		0767D7D826C1B55600A0C0FB /* Debug */ = {
			isa = XCBuildConfiguration;
			buildSettings = {
				ALWAYS_SEARCH_USER_PATHS = NO;
				CLANG_ANALYZER_NONNULL = YES;
				CLANG_ANALYZER_NUMBER_OBJECT_CONVERSION = YES_AGGRESSIVE;
				CLANG_CXX_LANGUAGE_STANDARD = "gnu++14";
				CLANG_CXX_LIBRARY = "libc++";
				CLANG_ENABLE_MODULES = YES;
				CLANG_ENABLE_OBJC_ARC = YES;
				CLANG_ENABLE_OBJC_WEAK = YES;
				CLANG_WARN_BLOCK_CAPTURE_AUTORELEASING = YES;
				CLANG_WARN_BOOL_CONVERSION = YES;
				CLANG_WARN_COMMA = YES;
				CLANG_WARN_CONSTANT_CONVERSION = YES;
				CLANG_WARN_DEPRECATED_OBJC_IMPLEMENTATIONS = YES;
				CLANG_WARN_DIRECT_OBJC_ISA_USAGE = YES_ERROR;
				CLANG_WARN_DOCUMENTATION_COMMENTS = YES;
				CLANG_WARN_EMPTY_BODY = YES;
				CLANG_WARN_ENUM_CONVERSION = YES;
				CLANG_WARN_INFINITE_RECURSION = YES;
				CLANG_WARN_INT_CONVERSION = YES;
				CLANG_WARN_NON_LITERAL_NULL_CONVERSION = YES;
				CLANG_WARN_OBJC_IMPLICIT_RETAIN_SELF = YES;
				CLANG_WARN_OBJC_LITERAL_CONVERSION = YES;
				CLANG_WARN_OBJC_ROOT_CLASS = YES_ERROR;
				CLANG_WARN_QUOTED_INCLUDE_IN_FRAMEWORK_HEADER = YES;
				CLANG_WARN_RANGE_LOOP_ANALYSIS = YES;
				CLANG_WARN_STRICT_PROTOTYPES = YES;
				CLANG_WARN_SUSPICIOUS_MOVE = YES;
				CLANG_WARN_UNGUARDED_AVAILABILITY = YES_AGGRESSIVE;
				CLANG_WARN_UNREACHABLE_CODE = YES;
				CLANG_WARN__DUPLICATE_METHOD_MATCH = YES;
				COPY_PHASE_STRIP = NO;
				DEBUG_INFORMATION_FORMAT = dwarf;
				ENABLE_STRICT_OBJC_MSGSEND = YES;
				ENABLE_TESTABILITY = YES;
				GCC_C_LANGUAGE_STANDARD = gnu11;
				GCC_DYNAMIC_NO_PIC = NO;
				GCC_NO_COMMON_BLOCKS = YES;
				GCC_OPTIMIZATION_LEVEL = 0;
				GCC_PREPROCESSOR_DEFINITIONS = (
					"DEBUG=1",
					"$(inherited)",
				);
				GCC_WARN_64_TO_32_BIT_CONVERSION = YES;
				GCC_WARN_ABOUT_RETURN_TYPE = YES_ERROR;
				GCC_WARN_UNDECLARED_SELECTOR = YES;
				GCC_WARN_UNINITIALIZED_AUTOS = YES_AGGRESSIVE;
				GCC_WARN_UNUSED_FUNCTION = YES;
				GCC_WARN_UNUSED_VARIABLE = YES;
				MACOSX_DEPLOYMENT_TARGET = 10.15;
				MTL_ENABLE_DEBUG_INFO = INCLUDE_SOURCE;
				MTL_FAST_MATH = YES;
				ONLY_ACTIVE_ARCH = NO;
				SDKROOT = macosx;
			};
			name = Debug;
		};
		0767D7D926C1B55600A0C0FB /* Release */ = {
			isa = XCBuildConfiguration;
			buildSettings = {
				ALWAYS_SEARCH_USER_PATHS = NO;
				CLANG_ANALYZER_NONNULL = YES;
				CLANG_ANALYZER_NUMBER_OBJECT_CONVERSION = YES_AGGRESSIVE;
				CLANG_CXX_LANGUAGE_STANDARD = "gnu++14";
				CLANG_CXX_LIBRARY = "libc++";
				CLANG_ENABLE_MODULES = YES;
				CLANG_ENABLE_OBJC_ARC = YES;
				CLANG_ENABLE_OBJC_WEAK = YES;
				CLANG_WARN_BLOCK_CAPTURE_AUTORELEASING = YES;
				CLANG_WARN_BOOL_CONVERSION = YES;
				CLANG_WARN_COMMA = YES;
				CLANG_WARN_CONSTANT_CONVERSION = YES;
				CLANG_WARN_DEPRECATED_OBJC_IMPLEMENTATIONS = YES;
				CLANG_WARN_DIRECT_OBJC_ISA_USAGE = YES_ERROR;
				CLANG_WARN_DOCUMENTATION_COMMENTS = YES;
				CLANG_WARN_EMPTY_BODY = YES;
				CLANG_WARN_ENUM_CONVERSION = YES;
				CLANG_WARN_INFINITE_RECURSION = YES;
				CLANG_WARN_INT_CONVERSION = YES;
				CLANG_WARN_NON_LITERAL_NULL_CONVERSION = YES;
				CLANG_WARN_OBJC_IMPLICIT_RETAIN_SELF = YES;
				CLANG_WARN_OBJC_LITERAL_CONVERSION = YES;
				CLANG_WARN_OBJC_ROOT_CLASS = YES_ERROR;
				CLANG_WARN_QUOTED_INCLUDE_IN_FRAMEWORK_HEADER = YES;
				CLANG_WARN_RANGE_LOOP_ANALYSIS = YES;
				CLANG_WARN_STRICT_PROTOTYPES = YES;
				CLANG_WARN_SUSPICIOUS_MOVE = YES;
				CLANG_WARN_UNGUARDED_AVAILABILITY = YES_AGGRESSIVE;
				CLANG_WARN_UNREACHABLE_CODE = YES;
				CLANG_WARN__DUPLICATE_METHOD_MATCH = YES;
				COPY_PHASE_STRIP = NO;
				DEBUG_INFORMATION_FORMAT = "dwarf-with-dsym";
				ENABLE_NS_ASSERTIONS = NO;
				ENABLE_STRICT_OBJC_MSGSEND = YES;
				GCC_C_LANGUAGE_STANDARD = gnu11;
				GCC_NO_COMMON_BLOCKS = YES;
				GCC_WARN_64_TO_32_BIT_CONVERSION = YES;
				GCC_WARN_ABOUT_RETURN_TYPE = YES_ERROR;
				GCC_WARN_UNDECLARED_SELECTOR = YES;
				GCC_WARN_UNINITIALIZED_AUTOS = YES_AGGRESSIVE;
				GCC_WARN_UNUSED_FUNCTION = YES;
				GCC_WARN_UNUSED_VARIABLE = YES;
				MACOSX_DEPLOYMENT_TARGET = 10.15;
				MTL_ENABLE_DEBUG_INFO = NO;
				MTL_FAST_MATH = YES;
				SDKROOT = macosx;
			};
			name = Release;
		};
		0767D7DB26C1B55600A0C0FB /* Debug */ = {
			isa = XCBuildConfiguration;
			buildSettings = {
				ASSETCATALOG_COMPILER_APPICON_NAME = AppIcon;
				ASSETCATALOG_COMPILER_GLOBAL_ACCENT_COLOR_NAME = AccentColor;
				CODE_SIGN_ENTITLEMENTS = EndpointSecurityDemo/EndpointSecurityDemo.entitlements;
				CODE_SIGN_IDENTITY = "Apple Development";
				CODE_SIGN_STYLE = Automatic;
				COMBINE_HIDPI_IMAGES = YES;
				DEVELOPMENT_TEAM = "";
				ENABLE_HARDENED_RUNTIME = YES;
				INFOPLIST_FILE = EndpointSecurityDemo/Info.plist;
				LD_RUNPATH_SEARCH_PATHS = (
					"$(inherited)",
					"@executable_path/../Frameworks",
				);
				MACOSX_DEPLOYMENT_TARGET = 10.15;
				PRODUCT_BUNDLE_IDENTIFIER = com.example.EndpointSecurityDemo;
				PRODUCT_NAME = "$(TARGET_NAME)";
				PROVISIONING_PROFILE_SPECIFIER = "";
			};
			name = Debug;
		};
		0767D7DC26C1B55600A0C0FB /* Release */ = {
			isa = XCBuildConfiguration;
			buildSettings = {
				ASSETCATALOG_COMPILER_APPICON_NAME = AppIcon;
				ASSETCATALOG_COMPILER_GLOBAL_ACCENT_COLOR_NAME = AccentColor;
				CODE_SIGN_ENTITLEMENTS = EndpointSecurityDemo/EndpointSecurityDemo.entitlements;
				CODE_SIGN_IDENTITY = "Apple Development";
				CODE_SIGN_STYLE = Automatic;
				COMBINE_HIDPI_IMAGES = YES;
				DEVELOPMENT_TEAM = "";
				ENABLE_HARDENED_RUNTIME = YES;
				INFOPLIST_FILE = EndpointSecurityDemo/Info.plist;
				LD_RUNPATH_SEARCH_PATHS = (
					"$(inherited)",
					"@executable_path/../Frameworks",
				);
				MACOSX_DEPLOYMENT_TARGET = 10.15;
				PRODUCT_BUNDLE_IDENTIFIER = com.example.EndpointSecurityDemo;
				PRODUCT_NAME = "$(TARGET_NAME)";
				PROVISIONING_PROFILE_SPECIFIER = "";
			};
			name = Release;
		};
/* End XCBuildConfiguration section */

/* Begin XCConfigurationList section */
		0767D7C126C1B55600A0C0FB /* Build configuration list for PBXProject "EndpointSecurityDemo" */ = {
			isa = XCConfigurationList;
			buildConfigurations = (
				0767D7D826C1B55600A0C0FB /* Debug */,
				0767D7D926C1B55600A0C0FB /* Release */,
			);
			defaultConfigurationIsVisible = 0;
			defaultConfigurationName = Release;
		};
		0767D7DA26C1B55600A0C0FB /* Build configuration list for PBXNativeTarget "EndpointSecurityDemo" */ = {
			isa = XCConfigurationList;
			buildConfigurations = (
				0767D7DB26C1B55600A0C0FB /* Debug */,
				0767D7DC26C1B55600A0C0FB /* Release */,
			);
			defaultConfigurationIsVisible = 0;
			defaultConfigurationName = Release;
		};
/* End XCConfigurationList section */
	};
	rootObject = 0767D7BE26C1B55600A0C0FB /* Project object */;
}
